
Microsoft Visual Studio Solution File, Format Version 12.00
# Visual Studio 15
VisualStudioVersion = 15.0.28010.2016
MinimumVisualStudioVersion = 10.0.40219.1
Project("{FAE04EC0-301F-11D3-BF4B-00C04F79EFBC}") = "TimerEvents", "TimerEvents\TimerEvents.csproj", "{48B1C734-D19E-40A9-8504-F70FCBE87CB2}"
EndProject
Global
	GlobalSection(SolutionConfigurationPlatforms) = preSolution
		Debug|Any CPU = Debug|Any CPU
		Release|Any CPU = Release|Any CPU
	EndGlobalSection
	GlobalSection(ProjectConfigurationPlatforms) = postSolution
		{48B1C734-D19E-40A9-8504-F70FCBE87CB2}.Debug|Any CPU.ActiveCfg = Debug|Any CPU
		{48B1C734-D19E-40A9-8504-F70FCBE87CB2}.Debug|Any CPU.Build.0 = Debug|Any CPU
		{48B1C734-D19E-40A9-8504-F70FCBE87CB2}.Release|Any CPU.ActiveCfg = Release|Any CPU
		{48B1C734-D19E-40A9-8504-F70FCBE87CB2}.Release|Any CPU.Build.0 = Release|Any CPU
	EndGlobalSection
	GlobalSection(SolutionProperties) = preSolution
		HideSolutionNode = FALSE
	EndGlobalSection
	GlobalSection(ExtensibilityGlobals) = postSolution
		SolutionGuid = {8B2147EB-69DA-4037-9737-1CF49C8E294C}
	EndGlobalSection
EndGlobal
